// !$*UTF8*$!
{
	archiveVersion = 1;
	classes = {
	};
	objectVersion = 50;
	objects = {

/* Begin PBXBuildFile section */
		0150CDC4242D709E00E1D20B /* AppDelegate.swift in Sources */ = {isa = PBXBuildFile; fileRef = 0150CDC3242D709E00E1D20B /* AppDelegate.swift */; };
		0150CDC6242D709E00E1D20B /* ViewController.swift in Sources */ = {isa = PBXBuildFile; fileRef = 0150CDC5242D709E00E1D20B /* ViewController.swift */; };
		0150CDC9242D709E00E1D20B /* Main.storyboard in Resources */ = {isa = PBXBuildFile; fileRef = 0150CDC7242D709E00E1D20B /* Main.storyboard */; };
		0150CDCB242D70A000E1D20B /* Assets.xcassets in Resources */ = {isa = PBXBuildFile; fileRef = 0150CDCA242D70A000E1D20B /* Assets.xcassets */; };
		0150CDCE242D70A000E1D20B /* LaunchScreen.storyboard in Resources */ = {isa = PBXBuildFile; fileRef = 0150CDCC242D70A000E1D20B /* LaunchScreen.storyboard */; };
		0150CDD9242D70A100E1D20B /* Boomerang_VenuesTests.swift in Sources */ = {isa = PBXBuildFile; fileRef = 0150CDD8242D70A100E1D20B /* Boomerang_VenuesTests.swift */; };
/* End PBXBuildFile section */

/* Begin PBXContainerItemProxy section */
		0150CDD5242D70A000E1D20B /* PBXContainerItemProxy */ = {
			isa = PBXContainerItemProxy;
			containerPortal = 0150CDB8242D709E00E1D20B /* Project object */;
			proxyType = 1;
			remoteGlobalIDString = 0150CDBF242D709E00E1D20B;
			remoteInfo = "Boomerang Venues";
		};
/* End PBXContainerItemProxy section */

/* Begin PBXFileReference section */
		0150CDC0242D709E00E1D20B /* Boomerang Venues.app */ = {isa = PBXFileReference; explicitFileType = wrapper.application; includeInIndex = 0; path = "Boomerang Venues.app"; sourceTree = BUILT_PRODUCTS_DIR; };
		0150CDC3242D709E00E1D20B /* AppDelegate.swift */ = {isa = PBXFileReference; lastKnownFileType = sourcecode.swift; path = AppDelegate.swift; sourceTree = "<group>"; };
		0150CDC5242D709E00E1D20B /* ViewController.swift */ = {isa = PBXFileReference; lastKnownFileType = sourcecode.swift; path = ViewController.swift; sourceTree = "<group>"; };
		0150CDC8242D709E00E1D20B /* Base */ = {isa = PBXFileReference; lastKnownFileType = file.storyboard; name = Base; path = Base.lproj/Main.storyboard; sourceTree = "<group>"; };
		0150CDCA242D70A000E1D20B /* Assets.xcassets */ = {isa = PBXFileReference; lastKnownFileType = folder.assetcatalog; path = Assets.xcassets; sourceTree = "<group>"; };
		0150CDCD242D70A000E1D20B /* Base */ = {isa = PBXFileReference; lastKnownFileType = file.storyboard; name = Base; path = Base.lproj/LaunchScreen.storyboard; sourceTree = "<group>"; };
		0150CDCF242D70A000E1D20B /* Info.plist */ = {isa = PBXFileReference; lastKnownFileType = text.plist.xml; path = Info.plist; sourceTree = "<group>"; };
		0150CDD4242D70A000E1D20B /* Boomerang VenuesTests.xctest */ = {isa = PBXFileReference; explicitFileType = wrapper.cfbundle; includeInIndex = 0; path = "Boomerang VenuesTests.xctest"; sourceTree = BUILT_PRODUCTS_DIR; };
		0150CDD8242D70A100E1D20B /* Boomerang_VenuesTests.swift */ = {isa = PBXFileReference; lastKnownFileType = sourcecode.swift; path = Boomerang_VenuesTests.swift; sourceTree = "<group>"; };
		0150CDDA242D70A100E1D20B /* Info.plist */ = {isa = PBXFileReference; lastKnownFileType = text.plist.xml; path = Info.plist; sourceTree = "<group>"; };
/* End PBXFileReference section */

/* Begin PBXFrameworksBuildPhase section */
		0150CDBD242D709E00E1D20B /* Frameworks */ = {
			isa = PBXFrameworksBuildPhase;
			buildActionMask = 2147483647;
			files = (
			);
			runOnlyForDeploymentPostprocessing = 0;
		};
		0150CDD1242D70A000E1D20B /* Frameworks */ = {
			isa = PBXFrameworksBuildPhase;
			buildActionMask = 2147483647;
			files = (
			);
			runOnlyForDeploymentPostprocessing = 0;
		};
/* End PBXFrameworksBuildPhase section */

/* Begin PBXGroup section */
		0150CDB7242D709E00E1D20B = {
			isa = PBXGroup;
			children = (
				0150CDC2242D709E00E1D20B /* Boomerang Venues */,
				0150CDD7242D70A100E1D20B /* Boomerang VenuesTests */,
				0150CDC1242D709E00E1D20B /* Products */,
			);
			sourceTree = "<group>";
		};
		0150CDC1242D709E00E1D20B /* Products */ = {
			isa = PBXGroup;
			children = (
				0150CDC0242D709E00E1D20B /* Boomerang Venues.app */,
				0150CDD4242D70A000E1D20B /* Boomerang VenuesTests.xctest */,
			);
			name = Products;
			sourceTree = "<group>";
		};
		0150CDC2242D709E00E1D20B /* Boomerang Venues */ = {
			isa = PBXGroup;
			children = (
				0150CDC3242D709E00E1D20B /* AppDelegate.swift */,
				0150CDC5242D709E00E1D20B /* ViewController.swift */,
				0150CDC7242D709E00E1D20B /* Main.storyboard */,
				0150CDCA242D70A000E1D20B /* Assets.xcassets */,
				0150CDCC242D70A000E1D20B /* LaunchScreen.storyboard */,
				0150CDCF242D70A000E1D20B /* Info.plist */,
			);
			path = "Boomerang Venues";
			sourceTree = "<group>";
		};
		0150CDD7242D70A100E1D20B /* Boomerang VenuesTests */ = {
			isa = PBXGroup;
			children = (
				0150CDD8242D70A100E1D20B /* Boomerang_VenuesTests.swift */,
				0150CDDA242D70A100E1D20B /* Info.plist */,
			);
			path = "Boomerang VenuesTests";
			sourceTree = "<group>";
		};
/* End PBXGroup section */

/* Begin PBXNativeTarget section */
		0150CDBF242D709E00E1D20B /* Boomerang Venues */ = {
			isa = PBXNativeTarget;
			buildConfigurationList = 0150CDDD242D70A100E1D20B /* Build configuration list for PBXNativeTarget "Boomerang Venues" */;
			buildPhases = (
				0150CDBC242D709E00E1D20B /* Sources */,
				0150CDBD242D709E00E1D20B /* Frameworks */,
				0150CDBE242D709E00E1D20B /* Resources */,
			);
			buildRules = (
			);
			dependencies = (
			);
			name = "Boomerang Venues";
			productName = "Boomerang Venues";
			productReference = 0150CDC0242D709E00E1D20B /* Boomerang Venues.app */;
			productType = "com.apple.product-type.application";
		};
		0150CDD3242D70A000E1D20B /* Boomerang VenuesTests */ = {
			isa = PBXNativeTarget;
			buildConfigurationList = 0150CDE0242D70A100E1D20B /* Build configuration list for PBXNativeTarget "Boomerang VenuesTests" */;
			buildPhases = (
				0150CDD0242D70A000E1D20B /* Sources */,
				0150CDD1242D70A000E1D20B /* Frameworks */,
				0150CDD2242D70A000E1D20B /* Resources */,
			);
			buildRules = (
			);
			dependencies = (
				0150CDD6242D70A000E1D20B /* PBXTargetDependency */,
			);
			name = "Boomerang VenuesTests";
			productName = "Boomerang VenuesTests";
			productReference = 0150CDD4242D70A000E1D20B /* Boomerang VenuesTests.xctest */;
			productType = "com.apple.product-type.bundle.unit-test";
		};
/* End PBXNativeTarget section */

/* Begin PBXProject section */
		0150CDB8242D709E00E1D20B /* Project object */ = {
			isa = PBXProject;
			attributes = {
				LastSwiftUpdateCheck = 1000;
				LastUpgradeCheck = 1000;
				ORGANIZATIONNAME = "Stephanie Yoon";
				TargetAttributes = {
					0150CDBF242D709E00E1D20B = {
						CreatedOnToolsVersion = 10.0;
					};
					0150CDD3242D70A000E1D20B = {
						CreatedOnToolsVersion = 10.0;
						TestTargetID = 0150CDBF242D709E00E1D20B;
					};
				};
			};
			buildConfigurationList = 0150CDBB242D709E00E1D20B /* Build configuration list for PBXProject "Boomerang Venues" */;
			compatibilityVersion = "Xcode 9.3";
			developmentRegion = en;
			hasScannedForEncodings = 0;
			knownRegions = (
				en,
				Base,
			);
			mainGroup = 0150CDB7242D709E00E1D20B;
			productRefGroup = 0150CDC1242D709E00E1D20B /* Products */;
			projectDirPath = "";
			projectRoot = "";
			targets = (
				0150CDBF242D709E00E1D20B /* Boomerang Venues */,
				0150CDD3242D70A000E1D20B /* Boomerang VenuesTests */,
			);
		};
/* End PBXProject section */

/* Begin PBXResourcesBuildPhase section */
		0150CDBE242D709E00E1D20B /* Resources */ = {
			isa = PBXResourcesBuildPhase;
			buildActionMask = 2147483647;
			files = (
				0150CDCE242D70A000E1D20B /* LaunchScreen.storyboard in Resources */,
				0150CDCB242D70A000E1D20B /* Assets.xcassets in Resources */,
				0150CDC9242D709E00E1D20B /* Main.storyboard in Resources */,
			);
			runOnlyForDeploymentPostprocessing = 0;
		};
		0150CDD2242D70A000E1D20B /* Resources */ = {
			isa = PBXResourcesBuildPhase;
			buildActionMask = 2147483647;
			files = (
			);
			runOnlyForDeploymentPostprocessing = 0;
		};
/* End PBXResourcesBuildPhase section */

/* Begin PBXSourcesBuildPhase section */
		0150CDBC242D709E00E1D20B /* Sources */ = {
			isa = PBXSourcesBuildPhase;
			buildActionMask = 2147483647;
			files = (
				0150CDC6242D709E00E1D20B /* ViewController.swift in Sources */,
				0150CDC4242D709E00E1D20B /* AppDelegate.swift in Sources */,
			);
			runOnlyForDeploymentPostprocessing = 0;
		};
		0150CDD0242D70A000E1D20B /* Sources */ = {
			isa = PBXSourcesBuildPhase;
			buildActionMask = 2147483647;
			files = (
				0150CDD9242D70A100E1D20B /* Boomerang_VenuesTests.swift in Sources */,
			);
			runOnlyForDeploymentPostprocessing = 0;
		};
/* End PBXSourcesBuildPhase section */

/* Begin PBXTargetDependency section */
		0150CDD6242D70A000E1D20B /* PBXTargetDependency */ = {
			isa = PBXTargetDependency;
			target = 0150CDBF242D709E00E1D20B /* Boomerang Venues */;
			targetProxy = 0150CDD5242D70A000E1D20B /* PBXContainerItemProxy */;
		};
/* End PBXTargetDependency section */

/* Begin PBXVariantGroup section */
		0150CDC7242D709E00E1D20B /* Main.storyboard */ = {
			isa = PBXVariantGroup;
			children = (
				0150CDC8242D709E00E1D20B /* Base */,
			);
			name = Main.storyboard;
			sourceTree = "<group>";
		};
		0150CDCC242D70A000E1D20B /* LaunchScreen.storyboard */ = {
			isa = PBXVariantGroup;
			children = (
				0150CDCD242D70A000E1D20B /* Base */,
			);
			name = LaunchScreen.storyboard;
			sourceTree = "<group>";
		};
/* End PBXVariantGroup section */

/* Begin XCBuildConfiguration section */
		0150CDDB242D70A100E1D20B /* Debug */ = {
			isa = XCBuildConfiguration;
			buildSettings = {
				ALWAYS_SEARCH_USER_PATHS = NO;
				CLANG_ANALYZER_NONNULL = YES;
				CLANG_ANALYZER_NUMBER_OBJECT_CONVERSION = YES_AGGRESSIVE;
				CLANG_CXX_LANGUAGE_STANDARD = "gnu++14";
				CLANG_CXX_LIBRARY = "libc++";
				CLANG_ENABLE_MODULES = YES;
				CLANG_ENABLE_OBJC_ARC = YES;
				CLANG_ENABLE_OBJC_WEAK = YES;
				CLANG_WARN_BLOCK_CAPTURE_AUTORELEASING = YES;
				CLANG_WARN_BOOL_CONVERSION = YES;
				CLANG_WARN_COMMA = YES;
				CLANG_WARN_CONSTANT_CONVERSION = YES;
				CLANG_WARN_DEPRECATED_OBJC_IMPLEMENTATIONS = YES;
				CLANG_WARN_DIRECT_OBJC_ISA_USAGE = YES_ERROR;
				CLANG_WARN_DOCUMENTATION_COMMENTS = YES;
				CLANG_WARN_EMPTY_BODY = YES;
				CLANG_WARN_ENUM_CONVERSION = YES;
				CLANG_WARN_INFINITE_RECURSION = YES;
				CLANG_WARN_INT_CONVERSION = YES;
				CLANG_WARN_NON_LITERAL_NULL_CONVERSION = YES;
				CLANG_WARN_OBJC_IMPLICIT_RETAIN_SELF = YES;
				CLANG_WARN_OBJC_LITERAL_CONVERSION = YES;
				CLANG_WARN_OBJC_ROOT_CLASS = YES_ERROR;
				CLANG_WARN_RANGE_LOOP_ANALYSIS = YES;
				CLANG_WARN_STRICT_PROTOTYPES = YES;
				CLANG_WARN_SUSPICIOUS_MOVE = YES;
				CLANG_WARN_UNGUARDED_AVAILABILITY = YES_AGGRESSIVE;
				CLANG_WARN_UNREACHABLE_CODE = YES;
				CLANG_WARN__DUPLICATE_METHOD_MATCH = YES;
				CODE_SIGN_IDENTITY = "iPhone Developer";
				COPY_PHASE_STRIP = NO;
				DEBUG_INFORMATION_FORMAT = dwarf;
				ENABLE_STRICT_OBJC_MSGSEND = YES;
				ENABLE_TESTABILITY = YES;
				GCC_C_LANGUAGE_STANDARD = gnu11;
				GCC_DYNAMIC_NO_PIC = NO;
				GCC_NO_COMMON_BLOCKS = YES;
				GCC_OPTIMIZATION_LEVEL = 0;
				GCC_PREPROCESSOR_DEFINITIONS = (
					"DEBUG=1",
					"$(inherited)",
				);
				GCC_WARN_64_TO_32_BIT_CONVERSION = YES;
				GCC_WARN_ABOUT_RETURN_TYPE = YES_ERROR;
				GCC_WARN_UNDECLARED_SELECTOR = YES;
				GCC_WARN_UNINITIALIZED_AUTOS = YES_AGGRESSIVE;
				GCC_WARN_UNUSED_FUNCTION = YES;
				GCC_WARN_UNUSED_VARIABLE = YES;
				IPHONEOS_DEPLOYMENT_TARGET = 12.0;
				MTL_ENABLE_DEBUG_INFO = INCLUDE_SOURCE;
				MTL_FAST_MATH = YES;
				ONLY_ACTIVE_ARCH = YES;
				SDKROOT = iphoneos;
				SWIFT_ACTIVE_COMPILATION_CONDITIONS = DEBUG;
				SWIFT_OPTIMIZATION_LEVEL = "-Onone";
			};
			name = Debug;
		};
		0150CDDC242D70A100E1D20B /* Release */ = {
			isa = XCBuildConfiguration;
			buildSettings = {
				ALWAYS_SEARCH_USER_PATHS = NO;
				CLANG_ANALYZER_NONNULL = YES;
				CLANG_ANALYZER_NUMBER_OBJECT_CONVERSION = YES_AGGRESSIVE;
				CLANG_CXX_LANGUAGE_STANDARD = "gnu++14";
				CLANG_CXX_LIBRARY = "libc++";
				CLANG_ENABLE_MODULES = YES;
				CLANG_ENABLE_OBJC_ARC = YES;
				CLANG_ENABLE_OBJC_WEAK = YES;
				CLANG_WARN_BLOCK_CAPTURE_AUTORELEASING = YES;
				CLANG_WARN_BOOL_CONVERSION = YES;
				CLANG_WARN_COMMA = YES;
				CLANG_WARN_CONSTANT_CONVERSION = YES;
				CLANG_WARN_DEPRECATED_OBJC_IMPLEMENTATIONS = YES;
				CLANG_WARN_DIRECT_OBJC_ISA_USAGE = YES_ERROR;
				CLANG_WARN_DOCUMENTATION_COMMENTS = YES;
				CLANG_WARN_EMPTY_BODY = YES;
				CLANG_WARN_ENUM_CONVERSION = YES;
				CLANG_WARN_INFINITE_RECURSION = YES;
				CLANG_WARN_INT_CONVERSION = YES;
				CLANG_WARN_NON_LITERAL_NULL_CONVERSION = YES;
				CLANG_WARN_OBJC_IMPLICIT_RETAIN_SELF = YES;
				CLANG_WARN_OBJC_LITERAL_CONVERSION = YES;
				CLANG_WARN_OBJC_ROOT_CLASS = YES_ERROR;
				CLANG_WARN_RANGE_LOOP_ANALYSIS = YES;
				CLANG_WARN_STRICT_PROTOTYPES = YES;
				CLANG_WARN_SUSPICIOUS_MOVE = YES;
				CLANG_WARN_UNGUARDED_AVAILABILITY = YES_AGGRESSIVE;
				CLANG_WARN_UNREACHABLE_CODE = YES;
				CLANG_WARN__DUPLICATE_METHOD_MATCH = YES;
				CODE_SIGN_IDENTITY = "iPhone Developer";
				COPY_PHASE_STRIP = NO;
				DEBUG_INFORMATION_FORMAT = "dwarf-with-dsym";
				ENABLE_NS_ASSERTIONS = NO;
				ENABLE_STRICT_OBJC_MSGSEND = YES;
				GCC_C_LANGUAGE_STANDARD = gnu11;
				GCC_NO_COMMON_BLOCKS = YES;
				GCC_WARN_64_TO_32_BIT_CONVERSION = YES;
				GCC_WARN_ABOUT_RETURN_TYPE = YES_ERROR;
				GCC_WARN_UNDECLARED_SELECTOR = YES;
				GCC_WARN_UNINITIALIZED_AUTOS = YES_AGGRESSIVE;
				GCC_WARN_UNUSED_FUNCTION = YES;
				GCC_WARN_UNUSED_VARIABLE = YES;
				IPHONEOS_DEPLOYMENT_TARGET = 12.0;
				MTL_ENABLE_DEBUG_INFO = NO;
				MTL_FAST_MATH = YES;
				SDKROOT = iphoneos;
				SWIFT_COMPILATION_MODE = wholemodule;
				SWIFT_OPTIMIZATION_LEVEL = "-O";
				VALIDATE_PRODUCT = YES;
			};
			name = Release;
		};
		0150CDDE242D70A100E1D20B /* Debug */ = {
			isa = XCBuildConfiguration;
			buildSettings = {
				ASSETCATALOG_COMPILER_APPICON_NAME = AppIcon;
				CODE_SIGN_STYLE = Automatic;
				DEVELOPMENT_TEAM = 3S89VJRQC3;
				INFOPLIST_FILE = "Boomerang Venues/Info.plist";
				LD_RUNPATH_SEARCH_PATHS = (
					"$(inherited)",
					"@executable_path/Frameworks",
				);
				PRODUCT_BUNDLE_IDENTIFIER = "stephanieyoon.Boomerang-Venues";
				PRODUCT_NAME = "$(TARGET_NAME)";
				SWIFT_VERSION = 4.2;
				TARGETED_DEVICE_FAMILY = "1,2";
			};
			name = Debug;
		};
		0150CDDF242D70A100E1D20B /* Release */ = {
			isa = XCBuildConfiguration;
			buildSettings = {
				ASSETCATALOG_COMPILER_APPICON_NAME = AppIcon;
				CODE_SIGN_STYLE = Automatic;
				DEVELOPMENT_TEAM = 3S89VJRQC3;
				INFOPLIST_FILE = "Boomerang Venues/Info.plist";
				LD_RUNPATH_SEARCH_PATHS = (
					"$(inherited)",
					"@executable_path/Frameworks",
				);
				PRODUCT_BUNDLE_IDENTIFIER = "stephanieyoon.Boomerang-Venues";
				PRODUCT_NAME = "$(TARGET_NAME)";
				SWIFT_VERSION = 4.2;
				TARGETED_DEVICE_FAMILY = "1,2";
			};
			name = Release;
		};
		0150CDE1242D70A100E1D20B /* Debug */ = {
			isa = XCBuildConfiguration;
			buildSettings = {
				ALWAYS_EMBED_SWIFT_STANDARD_LIBRARIES = YES;
				BUNDLE_LOADER = "$(TEST_HOST)";
				CODE_SIGN_STYLE = Automatic;
				DEVELOPMENT_TEAM = 3S89VJRQC3;
				INFOPLIST_FILE = "Boomerang VenuesTests/Info.plist";
				LD_RUNPATH_SEARCH_PATHS = (
					"$(inherited)",
					"@executable_path/Frameworks",
					"@loader_path/Frameworks",
				);
				PRODUCT_BUNDLE_IDENTIFIER = "stephanieyoon.Boomerang-VenuesTests";
				PRODUCT_NAME = "$(TARGET_NAME)";
				SWIFT_VERSION = 4.2;
				TARGETED_DEVICE_FAMILY = "1,2";
				TEST_HOST = "$(BUILT_PRODUCTS_DIR)/Boomerang Venues.app/Boomerang Venues";
			};
			name = Debug;
		};
		0150CDE2242D70A100E1D20B /* Release */ = {
			isa = XCBuildConfiguration;
			buildSettings = {
				ALWAYS_EMBED_SWIFT_STANDARD_LIBRARIES = YES;
				BUNDLE_LOADER = "$(TEST_HOST)";
				CODE_SIGN_STYLE = Automatic;
				DEVELOPMENT_TEAM = 3S89VJRQC3;
				INFOPLIST_FILE = "Boomerang VenuesTests/Info.plist";
				LD_RUNPATH_SEARCH_PATHS = (
					"$(inherited)",
					"@executable_path/Frameworks",
					"@loader_path/Frameworks",
				);
				PRODUCT_BUNDLE_IDENTIFIER = "stephanieyoon.Boomerang-VenuesTests";
				PRODUCT_NAME = "$(TARGET_NAME)";
				SWIFT_VERSION = 4.2;
				TARGETED_DEVICE_FAMILY = "1,2";
				TEST_HOST = "$(BUILT_PRODUCTS_DIR)/Boomerang Venues.app/Boomerang Venues";
			};
			name = Release;
		};
/* End XCBuildConfiguration section */

/* Begin XCConfigurationList section */
		0150CDBB242D709E00E1D20B /* Build configuration list for PBXProject "Boomerang Venues" */ = {
			isa = XCConfigurationList;
			buildConfigurations = (
				0150CDDB242D70A100E1D20B /* Debug */,
				0150CDDC242D70A100E1D20B /* Release */,
			);
			defaultConfigurationIsVisible = 0;
			defaultConfigurationName = Release;
		};
		0150CDDD242D70A100E1D20B /* Build configuration list for PBXNativeTarget "Boomerang Venues" */ = {
			isa = XCConfigurationList;
			buildConfigurations = (
				0150CDDE242D70A100E1D20B /* Debug */,
				0150CDDF242D70A100E1D20B /* Release */,
			);
			defaultConfigurationIsVisible = 0;
			defaultConfigurationName = Release;
		};
		0150CDE0242D70A100E1D20B /* Build configuration list for PBXNativeTarget "Boomerang VenuesTests" */ = {
			isa = XCConfigurationList;
			buildConfigurations = (
				0150CDE1242D70A100E1D20B /* Debug */,
				0150CDE2242D70A100E1D20B /* Release */,
			);
			defaultConfigurationIsVisible = 0;
			defaultConfigurationName = Release;
		};
/* End XCConfigurationList section */
	};
	rootObject = 0150CDB8242D709E00E1D20B /* Project object */;
}
